
Microsoft Visual Studio Solution File, Format Version 12.00
# Visual Studio Version 17
VisualStudioVersion = 17.0.31903.59
MinimumVisualStudioVersion = 10.0.40219.1
Project("{9A19103F-16F7-4668-BE54-9A1E7A4F7556}") = "Schedule.Worker", "Worker\Schedule.Worker.csproj", "{65F0ED33-C6DE-46A9-AE2A-E828BB9BB89D}"
EndProject
Project("{9A19103F-16F7-4668-BE54-9A1E7A4F7556}") = "Schedule.Domain", "Domain\Schedule.Domain.csproj", "{04996BD2-8845-40B8-B024-0DF9D7B68777}"
EndProject
Global
	GlobalSection(SolutionConfigurationPlatforms) = preSolution
		Debug|Any CPU = Debug|Any CPU
		Release|Any CPU = Release|Any CPU
	EndGlobalSection
	GlobalSection(ProjectConfigurationPlatforms) = postSolution
		{65F0ED33-C6DE-46A9-AE2A-E828BB9BB89D}.Debug|Any CPU.ActiveCfg = Debug|Any CPU
		{65F0ED33-C6DE-46A9-AE2A-E828BB9BB89D}.Debug|Any CPU.Build.0 = Debug|Any CPU
		{65F0ED33-C6DE-46A9-AE2A-E828BB9BB89D}.Release|Any CPU.ActiveCfg = Release|Any CPU
		{65F0ED33-C6DE-46A9-AE2A-E828BB9BB89D}.Release|Any CPU.Build.0 = Release|Any CPU
		{04996BD2-8845-40B8-B024-0DF9D7B68777}.Debug|Any CPU.ActiveCfg = Debug|Any CPU
		{04996BD2-8845-40B8-B024-0DF9D7B68777}.Debug|Any CPU.Build.0 = Debug|Any CPU
		{04996BD2-8845-40B8-B024-0DF9D7B68777}.Release|Any CPU.ActiveCfg = Release|Any CPU
		{04996BD2-8845-40B8-B024-0DF9D7B68777}.Release|Any CPU.Build.0 = Release|Any CPU
	EndGlobalSection
	GlobalSection(SolutionProperties) = preSolution
		HideSolutionNode = FALSE
	EndGlobalSection
	GlobalSection(ExtensibilityGlobals) = postSolution
		SolutionGuid = {DB7CBCD2-D52B-4E74-B5FF-68013B583675}
	EndGlobalSection
EndGlobal
